
Microsoft Visual Studio Solution File, Format Version 12.00
# Visual Studio Version 17
VisualStudioVersion = 17.2.32526.322
MinimumVisualStudioVersion = 10.0.40219.1
Project("{FAE04EC0-301F-11D3-BF4B-00C04F79EFBC}") = "LeetCodeSolutions", "LeetCodeSolutions\LeetCodeSolutions.csproj", "{A1E7FC4E-7AAD-460D-9E32-814125D61654}"
EndProject
Global
	GlobalSection(SolutionConfigurationPlatforms) = preSolution
		Debug|Any CPU = Debug|Any CPU
		Release|Any CPU = Release|Any CPU
	EndGlobalSection
	GlobalSection(ProjectConfigurationPlatforms) = postSolution
		{A1E7FC4E-7AAD-460D-9E32-814125D61654}.Debug|Any CPU.ActiveCfg = Debug|Any CPU
		{A1E7FC4E-7AAD-460D-9E32-814125D61654}.Debug|Any CPU.Build.0 = Debug|Any CPU
		{A1E7FC4E-7AAD-460D-9E32-814125D61654}.Release|Any CPU.ActiveCfg = Release|Any CPU
		{A1E7FC4E-7AAD-460D-9E32-814125D61654}.Release|Any CPU.Build.0 = Release|Any CPU
	EndGlobalSection
	GlobalSection(SolutionProperties) = preSolution
		HideSolutionNode = FALSE
	EndGlobalSection
	GlobalSection(ExtensibilityGlobals) = postSolution
		SolutionGuid = {8592C1AD-F1C3-4C91-A54E-203A290B8798}
	EndGlobalSection
EndGlobal
